
Microsoft Visual Studio Solution File, Format Version 12.00
# Visual Studio Version 17
VisualStudioVersion = 17.8.34408.163
MinimumVisualStudioVersion = 10.0.40219.1
Project("{9A19103F-16F7-4668-BE54-9A1E7A4F7556}") = "RK.Tychron.APIClient", "RK.Tychron.APIClient\RK.Tychron.APIClient.csproj", "{341035B5-0E19-4309-8BC0-34D1B15B4017}"
EndProject
Project("{2150E333-8FDC-42A3-9474-1A3956D46DE8}") = "Solution Items", "Solution Items", "{9D232F8D-BD7C-4D68-8302-A300B511490D}"
	ProjectSection(SolutionItems) = preProject
		.github\workflows\dotnet-package-publish-alpha.yml = .github\workflows\dotnet-package-publish-alpha.yml
		.github\workflows\run-unit-tests-workflow.yml = .github\workflows\run-unit-tests-workflow.yml
		.github\workflows\dotnet-package-publish-release.yml = .github\workflows\dotnet-package-publish-release.yml
	EndProjectSection
EndProject
Project("{2150E333-8FDC-42A3-9474-1A3956D46DE8}") = "UnitTests", "UnitTests", "{F40E1510-6F35-46CA-8317-3C393782470E}"
EndProject
Project("{9A19103F-16F7-4668-BE54-9A1E7A4F7556}") = "RK.Tychron.Tests", "UnitTests\RK.Tychron.Tests\RK.Tychron.Tests.csproj", "{17AF8FD6-38E7-4CC9-B11B-5E7F797D42A9}"
EndProject
Project("{FAE04EC0-301F-11D3-BF4B-00C04F79EFBC}") = "RK.Tychron.Middleware", "RK.Tychron.Middleware\RK.Tychron.Middleware.csproj", "{EA79DF40-70B5-4367-9D38-8FE8E1F155A1}"
EndProject
Global
	GlobalSection(SolutionConfigurationPlatforms) = preSolution
		Debug|Any CPU = Debug|Any CPU
		Release|Any CPU = Release|Any CPU
	EndGlobalSection
	GlobalSection(ProjectConfigurationPlatforms) = postSolution
		{341035B5-0E19-4309-8BC0-34D1B15B4017}.Debug|Any CPU.ActiveCfg = Debug|Any CPU
		{341035B5-0E19-4309-8BC0-34D1B15B4017}.Debug|Any CPU.Build.0 = Debug|Any CPU
		{341035B5-0E19-4309-8BC0-34D1B15B4017}.Release|Any CPU.ActiveCfg = Release|Any CPU
		{341035B5-0E19-4309-8BC0-34D1B15B4017}.Release|Any CPU.Build.0 = Release|Any CPU
		{17AF8FD6-38E7-4CC9-B11B-5E7F797D42A9}.Debug|Any CPU.ActiveCfg = Debug|Any CPU
		{17AF8FD6-38E7-4CC9-B11B-5E7F797D42A9}.Debug|Any CPU.Build.0 = Debug|Any CPU
		{17AF8FD6-38E7-4CC9-B11B-5E7F797D42A9}.Release|Any CPU.ActiveCfg = Release|Any CPU
		{17AF8FD6-38E7-4CC9-B11B-5E7F797D42A9}.Release|Any CPU.Build.0 = Release|Any CPU
		{EA79DF40-70B5-4367-9D38-8FE8E1F155A1}.Debug|Any CPU.ActiveCfg = Debug|Any CPU
		{EA79DF40-70B5-4367-9D38-8FE8E1F155A1}.Debug|Any CPU.Build.0 = Debug|Any CPU
		{EA79DF40-70B5-4367-9D38-8FE8E1F155A1}.Release|Any CPU.ActiveCfg = Release|Any CPU
		{EA79DF40-70B5-4367-9D38-8FE8E1F155A1}.Release|Any CPU.Build.0 = Release|Any CPU
	EndGlobalSection
	GlobalSection(SolutionProperties) = preSolution
		HideSolutionNode = FALSE
	EndGlobalSection
	GlobalSection(NestedProjects) = preSolution
		{17AF8FD6-38E7-4CC9-B11B-5E7F797D42A9} = {F40E1510-6F35-46CA-8317-3C393782470E}
	EndGlobalSection
	GlobalSection(ExtensibilityGlobals) = postSolution
		SolutionGuid = {D52BF326-F660-468E-9C51-BD93DB8F24A1}
	EndGlobalSection
EndGlobal
